schema: '2.0'
stages:
  download_data:
    cmd: python src/download_data.py
    deps:
    - path: src/download_data.py
      hash: md5
      md5: e55f27ee8d3cc53b13405907502c3be2
      size: 482
    outs:
    - path: data/raw/MNIST
      hash: md5
      md5: 563f931b5aa3d66aaee35ca9ea59ff3e.dir
      size: 66544770
      nfiles: 8
    - path: data/raw/caltech101
      hash: md5
      md5: 23cf8fe606baa74acff03ab87c29b49b.dir
      size: 291511027
      nfiles: 17829
    - path: data/raw/cifar-10-batches-py
      hash: md5
      md5: 2c2c368a819f1df18fd0afa1c052c6c4.dir
      size: 186214114
      nfiles: 8
    - path: data/raw/cifar-10-python.tar.gz
      hash: md5
      md5: c58f30108f718f92721af3b95e74349a
      size: 170498071
    - path: data/raw/oxford-iiit-pet
      hash: md5
      md5: fb773eb63522b0c8aa0f3e545779c7f2.dir
      size: 1632137285
      nfiles: 25866
  model_training:
    cmd: python src/model_training.py
    deps:
    - path: data/raw
      hash: md5
      md5: b5f52fce1fd04854bda0e200b4e7cc88.dir
      size: 2346905348
      nfiles: 43714
    - path: src/model_training.py
      hash: md5
      md5: 9a416c3abe0711fcf0aa0f9d6bbccfc2
      size: 5652
    - path: src/utils/dvc/params.py
      hash: md5
      md5: c57ff0542069d8b6236b09e7aee32be8
      size: 1268
    - path: src/utils/models/modeling.py
      hash: md5
      md5: a0a8aae64ffcfa485438e65b4275884e
      size: 5004
    params:
      params.yaml:
        model_training.batch_size: 8
        model_training.initial_lr: 0.001
        model_training.lr_decay_factor: 0.1
        model_training.lr_decay_step: 7
        model_training.num_epochs: 50
    outs:
    - path: models/cifar10_model.pt
      hash: md5
      md5: 2777acd924c83a8f305860a1a4d8c58e
      size: 44922693
    - path: models/mnist_model.pt
      hash: md5
      md5: eb2eb8a28305e60ad0b7174daa90187e
      size: 44897349
    - path: models/oxford_iit_pet_model.pt
      hash: md5
      md5: fa8eaec420e0d31050c15d487f82691f
      size: 44925445
  evaluation:
    cmd: python src/evaluation.py
    deps:
    - path: data/raw
      hash: md5
      md5: b5f52fce1fd04854bda0e200b4e7cc88.dir
      size: 2346905348
      nfiles: 43714
    - path: models/cifar10_model.pt
      hash: md5
      md5: 2777acd924c83a8f305860a1a4d8c58e
      size: 44922693
    - path: models/mnist_model.pt
      hash: md5
      md5: eb2eb8a28305e60ad0b7174daa90187e
      size: 44897349
    - path: models/oxford_iit_pet_model.pt
      hash: md5
      md5: fa8eaec420e0d31050c15d487f82691f
      size: 44925445
    - path: src/evaluation.py
      hash: md5
      md5: ac86bdb652de23caf4a59a72ebf06d99
      size: 3689
    - path: src/utils/dvc/params.py
      hash: md5
      md5: c57ff0542069d8b6236b09e7aee32be8
      size: 1268
    - path: src/utils/models/modeling.py
      hash: md5
      md5: a0a8aae64ffcfa485438e65b4275884e
      size: 5004
    params:
      params.yaml:
        all.embedding_dim: 16
    outs:
    - path: metrics/metrics.json
      hash: md5
      md5: 3640022a1ac15f925047d2047f84b89c
      size: 221
